// !$*UTF8*$!
{
	archiveVersion = 1;
	classes = {
	};
	objectVersion = 46;
	objects = {

/* Begin PBXBuildFile section */
		A3FAB9721D964C9000C50249 /* AppDelegate.swift in Sources */ = {isa = PBXBuildFile; fileRef = A3FAB9711D964C9000C50249 /* AppDelegate.swift */; };
		A3FAB9741D964C9000C50249 /* RootViewController.swift in Sources */ = {isa = PBXBuildFile; fileRef = A3FAB9731D964C9000C50249 /* RootViewController.swift */; };
		A3FAB9761D964C9000C50249 /* DataViewController.swift in Sources */ = {isa = PBXBuildFile; fileRef = A3FAB9751D964C9000C50249 /* DataViewController.swift */; };
		A3FAB9781D964C9000C50249 /* ModelController.swift in Sources */ = {isa = PBXBuildFile; fileRef = A3FAB9771D964C9000C50249 /* ModelController.swift */; };
		A3FAB97B1D964C9000C50249 /* Main.storyboard in Resources */ = {isa = PBXBuildFile; fileRef = A3FAB9791D964C9000C50249 /* Main.storyboard */; };
		A3FAB97D1D964C9000C50249 /* Assets.xcassets in Resources */ = {isa = PBXBuildFile; fileRef = A3FAB97C1D964C9000C50249 /* Assets.xcassets */; };
		A3FAB9801D964C9000C50249 /* LaunchScreen.storyboard in Resources */ = {isa = PBXBuildFile; fileRef = A3FAB97E1D964C9000C50249 /* LaunchScreen.storyboard */; };
		A3FAB98B1D964C9000C50249 /* squashTests.swift in Sources */ = {isa = PBXBuildFile; fileRef = A3FAB98A1D964C9000C50249 /* squashTests.swift */; };
		A3FAB9961D964C9000C50249 /* squashUITests.swift in Sources */ = {isa = PBXBuildFile; fileRef = A3FAB9951D964C9000C50249 /* squashUITests.swift */; };
/* End PBXBuildFile section */

/* Begin PBXContainerItemProxy section */
		A3FAB9871D964C9000C50249 /* PBXContainerItemProxy */ = {
			isa = PBXContainerItemProxy;
			containerPortal = A3FAB9661D964C8F00C50249 /* Project object */;
			proxyType = 1;
			remoteGlobalIDString = A3FAB96D1D964C8F00C50249;
			remoteInfo = squash;
		};
		A3FAB9921D964C9000C50249 /* PBXContainerItemProxy */ = {
			isa = PBXContainerItemProxy;
			containerPortal = A3FAB9661D964C8F00C50249 /* Project object */;
			proxyType = 1;
			remoteGlobalIDString = A3FAB96D1D964C8F00C50249;
			remoteInfo = squash;
		};
/* End PBXContainerItemProxy section */

/* Begin PBXFileReference section */
		A3FAB96E1D964C9000C50249 /* squash.app */ = {isa = PBXFileReference; explicitFileType = wrapper.application; includeInIndex = 0; path = squash.app; sourceTree = BUILT_PRODUCTS_DIR; };
		A3FAB9711D964C9000C50249 /* AppDelegate.swift */ = {isa = PBXFileReference; lastKnownFileType = sourcecode.swift; path = AppDelegate.swift; sourceTree = "<group>"; };
		A3FAB9731D964C9000C50249 /* RootViewController.swift */ = {isa = PBXFileReference; lastKnownFileType = sourcecode.swift; path = RootViewController.swift; sourceTree = "<group>"; };
		A3FAB9751D964C9000C50249 /* DataViewController.swift */ = {isa = PBXFileReference; lastKnownFileType = sourcecode.swift; path = DataViewController.swift; sourceTree = "<group>"; };
		A3FAB9771D964C9000C50249 /* ModelController.swift */ = {isa = PBXFileReference; lastKnownFileType = sourcecode.swift; path = ModelController.swift; sourceTree = "<group>"; };
		A3FAB97A1D964C9000C50249 /* Base */ = {isa = PBXFileReference; lastKnownFileType = file.storyboard; name = Base; path = Base.lproj/Main.storyboard; sourceTree = "<group>"; };
		A3FAB97C1D964C9000C50249 /* Assets.xcassets */ = {isa = PBXFileReference; lastKnownFileType = folder.assetcatalog; path = Assets.xcassets; sourceTree = "<group>"; };
		A3FAB97F1D964C9000C50249 /* Base */ = {isa = PBXFileReference; lastKnownFileType = file.storyboard; name = Base; path = Base.lproj/LaunchScreen.storyboard; sourceTree = "<group>"; };
		A3FAB9811D964C9000C50249 /* Info.plist */ = {isa = PBXFileReference; lastKnownFileType = text.plist.xml; path = Info.plist; sourceTree = "<group>"; };
		A3FAB9861D964C9000C50249 /* squashTests.xctest */ = {isa = PBXFileReference; explicitFileType = wrapper.cfbundle; includeInIndex = 0; path = squashTests.xctest; sourceTree = BUILT_PRODUCTS_DIR; };
		A3FAB98A1D964C9000C50249 /* squashTests.swift */ = {isa = PBXFileReference; lastKnownFileType = sourcecode.swift; path = squashTests.swift; sourceTree = "<group>"; };
		A3FAB98C1D964C9000C50249 /* Info.plist */ = {isa = PBXFileReference; lastKnownFileType = text.plist.xml; path = Info.plist; sourceTree = "<group>"; };
		A3FAB9911D964C9000C50249 /* squashUITests.xctest */ = {isa = PBXFileReference; explicitFileType = wrapper.cfbundle; includeInIndex = 0; path = squashUITests.xctest; sourceTree = BUILT_PRODUCTS_DIR; };
		A3FAB9951D964C9000C50249 /* squashUITests.swift */ = {isa = PBXFileReference; lastKnownFileType = sourcecode.swift; path = squashUITests.swift; sourceTree = "<group>"; };
		A3FAB9971D964C9000C50249 /* Info.plist */ = {isa = PBXFileReference; lastKnownFileType = text.plist.xml; path = Info.plist; sourceTree = "<group>"; };
/* End PBXFileReference section */

/* Begin PBXFrameworksBuildPhase section */
		A3FAB96B1D964C8F00C50249 /* Frameworks */ = {
			isa = PBXFrameworksBuildPhase;
			buildActionMask = 2147483647;
			files = (
			);
			runOnlyForDeploymentPostprocessing = 0;
		};
		A3FAB9831D964C9000C50249 /* Frameworks */ = {
			isa = PBXFrameworksBuildPhase;
			buildActionMask = 2147483647;
			files = (
			);
			runOnlyForDeploymentPostprocessing = 0;
		};
		A3FAB98E1D964C9000C50249 /* Frameworks */ = {
			isa = PBXFrameworksBuildPhase;
			buildActionMask = 2147483647;
			files = (
			);
			runOnlyForDeploymentPostprocessing = 0;
		};
/* End PBXFrameworksBuildPhase section */

/* Begin PBXGroup section */
		A3FAB9651D964C8F00C50249 = {
			isa = PBXGroup;
			children = (
				A3FAB9701D964C9000C50249 /* squash */,
				A3FAB9891D964C9000C50249 /* squashTests */,
				A3FAB9941D964C9000C50249 /* squashUITests */,
				A3FAB96F1D964C9000C50249 /* Products */,
			);
			sourceTree = "<group>";
		};
		A3FAB96F1D964C9000C50249 /* Products */ = {
			isa = PBXGroup;
			children = (
				A3FAB96E1D964C9000C50249 /* squash.app */,
				A3FAB9861D964C9000C50249 /* squashTests.xctest */,
				A3FAB9911D964C9000C50249 /* squashUITests.xctest */,
			);
			name = Products;
			sourceTree = "<group>";
		};
		A3FAB9701D964C9000C50249 /* squash */ = {
			isa = PBXGroup;
			children = (
				A3FAB9711D964C9000C50249 /* AppDelegate.swift */,
				A3FAB9731D964C9000C50249 /* RootViewController.swift */,
				A3FAB9751D964C9000C50249 /* DataViewController.swift */,
				A3FAB9771D964C9000C50249 /* ModelController.swift */,
				A3FAB9791D964C9000C50249 /* Main.storyboard */,
				A3FAB97C1D964C9000C50249 /* Assets.xcassets */,
				A3FAB97E1D964C9000C50249 /* LaunchScreen.storyboard */,
				A3FAB9811D964C9000C50249 /* Info.plist */,
			);
			path = squash;
			sourceTree = "<group>";
		};
		A3FAB9891D964C9000C50249 /* squashTests */ = {
			isa = PBXGroup;
			children = (
				A3FAB98A1D964C9000C50249 /* squashTests.swift */,
				A3FAB98C1D964C9000C50249 /* Info.plist */,
			);
			path = squashTests;
			sourceTree = "<group>";
		};
		A3FAB9941D964C9000C50249 /* squashUITests */ = {
			isa = PBXGroup;
			children = (
				A3FAB9951D964C9000C50249 /* squashUITests.swift */,
				A3FAB9971D964C9000C50249 /* Info.plist */,
			);
			path = squashUITests;
			sourceTree = "<group>";
		};
/* End PBXGroup section */

/* Begin PBXNativeTarget section */
		A3FAB96D1D964C8F00C50249 /* squash */ = {
			isa = PBXNativeTarget;
			buildConfigurationList = A3FAB99A1D964C9000C50249 /* Build configuration list for PBXNativeTarget "squash" */;
			buildPhases = (
				A3FAB96A1D964C8F00C50249 /* Sources */,
				A3FAB96B1D964C8F00C50249 /* Frameworks */,
				A3FAB96C1D964C8F00C50249 /* Resources */,
			);
			buildRules = (
			);
			dependencies = (
			);
			name = squash;
			productName = squash;
			productReference = A3FAB96E1D964C9000C50249 /* squash.app */;
			productType = "com.apple.product-type.application";
		};
		A3FAB9851D964C9000C50249 /* squashTests */ = {
			isa = PBXNativeTarget;
			buildConfigurationList = A3FAB99D1D964C9000C50249 /* Build configuration list for PBXNativeTarget "squashTests" */;
			buildPhases = (
				A3FAB9821D964C9000C50249 /* Sources */,
				A3FAB9831D964C9000C50249 /* Frameworks */,
				A3FAB9841D964C9000C50249 /* Resources */,
			);
			buildRules = (
			);
			dependencies = (
				A3FAB9881D964C9000C50249 /* PBXTargetDependency */,
			);
			name = squashTests;
			productName = squashTests;
			productReference = A3FAB9861D964C9000C50249 /* squashTests.xctest */;
			productType = "com.apple.product-type.bundle.unit-test";
		};
		A3FAB9901D964C9000C50249 /* squashUITests */ = {
			isa = PBXNativeTarget;
			buildConfigurationList = A3FAB9A01D964C9000C50249 /* Build configuration list for PBXNativeTarget "squashUITests" */;
			buildPhases = (
				A3FAB98D1D964C9000C50249 /* Sources */,
				A3FAB98E1D964C9000C50249 /* Frameworks */,
				A3FAB98F1D964C9000C50249 /* Resources */,
			);
			buildRules = (
			);
			dependencies = (
				A3FAB9931D964C9000C50249 /* PBXTargetDependency */,
			);
			name = squashUITests;
			productName = squashUITests;
			productReference = A3FAB9911D964C9000C50249 /* squashUITests.xctest */;
			productType = "com.apple.product-type.bundle.ui-testing";
		};
/* End PBXNativeTarget section */

/* Begin PBXProject section */
		A3FAB9661D964C8F00C50249 /* Project object */ = {
			isa = PBXProject;
			attributes = {
				LastSwiftUpdateCheck = 0800;
				LastUpgradeCheck = 0800;
				ORGANIZATIONNAME = "Marc Risney";
				TargetAttributes = {
					A3FAB96D1D964C8F00C50249 = {
						CreatedOnToolsVersion = 8.0;
						DevelopmentTeam = XKU4RQ3453;
						ProvisioningStyle = Automatic;
					};
					A3FAB9851D964C9000C50249 = {
						CreatedOnToolsVersion = 8.0;
						DevelopmentTeam = XKU4RQ3453;
						ProvisioningStyle = Automatic;
						TestTargetID = A3FAB96D1D964C8F00C50249;
					};
					A3FAB9901D964C9000C50249 = {
						CreatedOnToolsVersion = 8.0;
						DevelopmentTeam = XKU4RQ3453;
						ProvisioningStyle = Automatic;
						TestTargetID = A3FAB96D1D964C8F00C50249;
					};
				};
			};
			buildConfigurationList = A3FAB9691D964C8F00C50249 /* Build configuration list for PBXProject "squash" */;
			compatibilityVersion = "Xcode 3.2";
			developmentRegion = English;
			hasScannedForEncodings = 0;
			knownRegions = (
				en,
				Base,
			);
			mainGroup = A3FAB9651D964C8F00C50249;
			productRefGroup = A3FAB96F1D964C9000C50249 /* Products */;
			projectDirPath = "";
			projectRoot = "";
			targets = (
				A3FAB96D1D964C8F00C50249 /* squash */,
				A3FAB9851D964C9000C50249 /* squashTests */,
				A3FAB9901D964C9000C50249 /* squashUITests */,
			);
		};
/* End PBXProject section */

/* Begin PBXResourcesBuildPhase section */
		A3FAB96C1D964C8F00C50249 /* Resources */ = {
			isa = PBXResourcesBuildPhase;
			buildActionMask = 2147483647;
			files = (
				A3FAB9801D964C9000C50249 /* LaunchScreen.storyboard in Resources */,
				A3FAB97D1D964C9000C50249 /* Assets.xcassets in Resources */,
				A3FAB97B1D964C9000C50249 /* Main.storyboard in Resources */,
			);
			runOnlyForDeploymentPostprocessing = 0;
		};
		A3FAB9841D964C9000C50249 /* Resources */ = {
			isa = PBXResourcesBuildPhase;
			buildActionMask = 2147483647;
			files = (
			);
			runOnlyForDeploymentPostprocessing = 0;
		};
		A3FAB98F1D964C9000C50249 /* Resources */ = {
			isa = PBXResourcesBuildPhase;
			buildActionMask = 2147483647;
			files = (
			);
			runOnlyForDeploymentPostprocessing = 0;
		};
/* End PBXResourcesBuildPhase section */

/* Begin PBXSourcesBuildPhase section */
		A3FAB96A1D964C8F00C50249 /* Sources */ = {
			isa = PBXSourcesBuildPhase;
			buildActionMask = 2147483647;
			files = (
				A3FAB9741D964C9000C50249 /* RootViewController.swift in Sources */,
				A3FAB9781D964C9000C50249 /* ModelController.swift in Sources */,
				A3FAB9761D964C9000C50249 /* DataViewController.swift in Sources */,
				A3FAB9721D964C9000C50249 /* AppDelegate.swift in Sources */,
			);
			runOnlyForDeploymentPostprocessing = 0;
		};
		A3FAB9821D964C9000C50249 /* Sources */ = {
			isa = PBXSourcesBuildPhase;
			buildActionMask = 2147483647;
			files = (
				A3FAB98B1D964C9000C50249 /* squashTests.swift in Sources */,
			);
			runOnlyForDeploymentPostprocessing = 0;
		};
		A3FAB98D1D964C9000C50249 /* Sources */ = {
			isa = PBXSourcesBuildPhase;
			buildActionMask = 2147483647;
			files = (
				A3FAB9961D964C9000C50249 /* squashUITests.swift in Sources */,
			);
			runOnlyForDeploymentPostprocessing = 0;
		};
/* End PBXSourcesBuildPhase section */

/* Begin PBXTargetDependency section */
		A3FAB9881D964C9000C50249 /* PBXTargetDependency */ = {
			isa = PBXTargetDependency;
			target = A3FAB96D1D964C8F00C50249 /* squash */;
			targetProxy = A3FAB9871D964C9000C50249 /* PBXContainerItemProxy */;
		};
		A3FAB9931D964C9000C50249 /* PBXTargetDependency */ = {
			isa = PBXTargetDependency;
			target = A3FAB96D1D964C8F00C50249 /* squash */;
			targetProxy = A3FAB9921D964C9000C50249 /* PBXContainerItemProxy */;
		};
/* End PBXTargetDependency section */

/* Begin PBXVariantGroup section */
		A3FAB9791D964C9000C50249 /* Main.storyboard */ = {
			isa = PBXVariantGroup;
			children = (
				A3FAB97A1D964C9000C50249 /* Base */,
			);
			name = Main.storyboard;
			sourceTree = "<group>";
		};
		A3FAB97E1D964C9000C50249 /* LaunchScreen.storyboard */ = {
			isa = PBXVariantGroup;
			children = (
				A3FAB97F1D964C9000C50249 /* Base */,
			);
			name = LaunchScreen.storyboard;
			sourceTree = "<group>";
		};
/* End PBXVariantGroup section */

/* Begin XCBuildConfiguration section */
		A3FAB9981D964C9000C50249 /* Debug */ = {
			isa = XCBuildConfiguration;
			buildSettings = {
				ALWAYS_SEARCH_USER_PATHS = NO;
				CLANG_ANALYZER_NONNULL = YES;
				CLANG_CXX_LANGUAGE_STANDARD = "gnu++0x";
				CLANG_CXX_LIBRARY = "libc++";
				CLANG_ENABLE_MODULES = YES;
				CLANG_ENABLE_OBJC_ARC = YES;
				CLANG_WARN_BOOL_CONVERSION = YES;
				CLANG_WARN_CONSTANT_CONVERSION = YES;
				CLANG_WARN_DIRECT_OBJC_ISA_USAGE = YES_ERROR;
				CLANG_WARN_DOCUMENTATION_COMMENTS = YES;
				CLANG_WARN_EMPTY_BODY = YES;
				CLANG_WARN_ENUM_CONVERSION = YES;
				CLANG_WARN_INFINITE_RECURSION = YES;
				CLANG_WARN_INT_CONVERSION = YES;
				CLANG_WARN_OBJC_ROOT_CLASS = YES_ERROR;
				CLANG_WARN_SUSPICIOUS_MOVES = YES;
				CLANG_WARN_UNREACHABLE_CODE = YES;
				CLANG_WARN__DUPLICATE_METHOD_MATCH = YES;
				"CODE_SIGN_IDENTITY[sdk=iphoneos*]" = "iPhone Developer";
				COPY_PHASE_STRIP = NO;
				DEBUG_INFORMATION_FORMAT = dwarf;
				ENABLE_STRICT_OBJC_MSGSEND = YES;
				ENABLE_TESTABILITY = YES;
				GCC_C_LANGUAGE_STANDARD = gnu99;
				GCC_DYNAMIC_NO_PIC = NO;
				GCC_NO_COMMON_BLOCKS = YES;
				GCC_OPTIMIZATION_LEVEL = 0;
				GCC_PREPROCESSOR_DEFINITIONS = (
					"DEBUG=1",
					"$(inherited)",
				);
				GCC_WARN_64_TO_32_BIT_CONVERSION = YES;
				GCC_WARN_ABOUT_RETURN_TYPE = YES_ERROR;
				GCC_WARN_UNDECLARED_SELECTOR = YES;
				GCC_WARN_UNINITIALIZED_AUTOS = YES_AGGRESSIVE;
				GCC_WARN_UNUSED_FUNCTION = YES;
				GCC_WARN_UNUSED_VARIABLE = YES;
				IPHONEOS_DEPLOYMENT_TARGET = 10.0;
				MTL_ENABLE_DEBUG_INFO = YES;
				ONLY_ACTIVE_ARCH = YES;
				SDKROOT = iphoneos;
				SWIFT_ACTIVE_COMPILATION_CONDITIONS = DEBUG;
				SWIFT_OPTIMIZATION_LEVEL = "-Onone";
				TARGETED_DEVICE_FAMILY = "1,2";
			};
			name = Debug;
		};
		A3FAB9991D964C9000C50249 /* Release */ = {
			isa = XCBuildConfiguration;
			buildSettings = {
				ALWAYS_SEARCH_USER_PATHS = NO;
				CLANG_ANALYZER_NONNULL = YES;
				CLANG_CXX_LANGUAGE_STANDARD = "gnu++0x";
				CLANG_CXX_LIBRARY = "libc++";
				CLANG_ENABLE_MODULES = YES;
				CLANG_ENABLE_OBJC_ARC = YES;
				CLANG_WARN_BOOL_CONVERSION = YES;
				CLANG_WARN_CONSTANT_CONVERSION = YES;
				CLANG_WARN_DIRECT_OBJC_ISA_USAGE = YES_ERROR;
				CLANG_WARN_DOCUMENTATION_COMMENTS = YES;
				CLANG_WARN_EMPTY_BODY = YES;
				CLANG_WARN_ENUM_CONVERSION = YES;
				CLANG_WARN_INFINITE_RECURSION = YES;
				CLANG_WARN_INT_CONVERSION = YES;
				CLANG_WARN_OBJC_ROOT_CLASS = YES_ERROR;
				CLANG_WARN_SUSPICIOUS_MOVES = YES;
				CLANG_WARN_UNREACHABLE_CODE = YES;
				CLANG_WARN__DUPLICATE_METHOD_MATCH = YES;
				"CODE_SIGN_IDENTITY[sdk=iphoneos*]" = "iPhone Developer";
				COPY_PHASE_STRIP = NO;
				DEBUG_INFORMATION_FORMAT = "dwarf-with-dsym";
				ENABLE_NS_ASSERTIONS = NO;
				ENABLE_STRICT_OBJC_MSGSEND = YES;
				GCC_C_LANGUAGE_STANDARD = gnu99;
				GCC_NO_COMMON_BLOCKS = YES;
				GCC_WARN_64_TO_32_BIT_CONVERSION = YES;
				GCC_WARN_ABOUT_RETURN_TYPE = YES_ERROR;
				GCC_WARN_UNDECLARED_SELECTOR = YES;
				GCC_WARN_UNINITIALIZED_AUTOS = YES_AGGRESSIVE;
				GCC_WARN_UNUSED_FUNCTION = YES;
				GCC_WARN_UNUSED_VARIABLE = YES;
				IPHONEOS_DEPLOYMENT_TARGET = 10.0;
				MTL_ENABLE_DEBUG_INFO = NO;
				SDKROOT = iphoneos;
				SWIFT_OPTIMIZATION_LEVEL = "-Owholemodule";
				TARGETED_DEVICE_FAMILY = "1,2";
				VALIDATE_PRODUCT = YES;
			};
			name = Release;
		};
		A3FAB99B1D964C9000C50249 /* Debug */ = {
			isa = XCBuildConfiguration;
			buildSettings = {
				ASSETCATALOG_COMPILER_APPICON_NAME = AppIcon;
				DEVELOPMENT_TEAM = XKU4RQ3453;
				INFOPLIST_FILE = squash/Info.plist;
				LD_RUNPATH_SEARCH_PATHS = "$(inherited) @executable_path/Frameworks";
				PRODUCT_BUNDLE_IDENTIFIER = io.khan.squash;
				PRODUCT_NAME = "$(TARGET_NAME)";
				SWIFT_VERSION = 3.0;
			};
			name = Debug;
		};
		A3FAB99C1D964C9000C50249 /* Release */ = {
			isa = XCBuildConfiguration;
			buildSettings = {
				ASSETCATALOG_COMPILER_APPICON_NAME = AppIcon;
				DEVELOPMENT_TEAM = XKU4RQ3453;
				INFOPLIST_FILE = squash/Info.plist;
				LD_RUNPATH_SEARCH_PATHS = "$(inherited) @executable_path/Frameworks";
				PRODUCT_BUNDLE_IDENTIFIER = io.khan.squash;
				PRODUCT_NAME = "$(TARGET_NAME)";
				SWIFT_VERSION = 3.0;
			};
			name = Release;
		};
		A3FAB99E1D964C9000C50249 /* Debug */ = {
			isa = XCBuildConfiguration;
			buildSettings = {
				ALWAYS_EMBED_SWIFT_STANDARD_LIBRARIES = YES;
				BUNDLE_LOADER = "$(TEST_HOST)";
				DEVELOPMENT_TEAM = XKU4RQ3453;
				INFOPLIST_FILE = squashTests/Info.plist;
				LD_RUNPATH_SEARCH_PATHS = "$(inherited) @executable_path/Frameworks @loader_path/Frameworks";
				PRODUCT_BUNDLE_IDENTIFIER = io.khan.squashTests;
				PRODUCT_NAME = "$(TARGET_NAME)";
				SWIFT_VERSION = 3.0;
				TEST_HOST = "$(BUILT_PRODUCTS_DIR)/squash.app/squash";
			};
			name = Debug;
		};
		A3FAB99F1D964C9000C50249 /* Release */ = {
			isa = XCBuildConfiguration;
			buildSettings = {
				ALWAYS_EMBED_SWIFT_STANDARD_LIBRARIES = YES;
				BUNDLE_LOADER = "$(TEST_HOST)";
				DEVELOPMENT_TEAM = XKU4RQ3453;
				INFOPLIST_FILE = squashTests/Info.plist;
				LD_RUNPATH_SEARCH_PATHS = "$(inherited) @executable_path/Frameworks @loader_path/Frameworks";
				PRODUCT_BUNDLE_IDENTIFIER = io.khan.squashTests;
				PRODUCT_NAME = "$(TARGET_NAME)";
				SWIFT_VERSION = 3.0;
				TEST_HOST = "$(BUILT_PRODUCTS_DIR)/squash.app/squash";
			};
			name = Release;
		};
		A3FAB9A11D964C9000C50249 /* Debug */ = {
			isa = XCBuildConfiguration;
			buildSettings = {
				ALWAYS_EMBED_SWIFT_STANDARD_LIBRARIES = YES;
				DEVELOPMENT_TEAM = XKU4RQ3453;
				INFOPLIST_FILE = squashUITests/Info.plist;
				LD_RUNPATH_SEARCH_PATHS = "$(inherited) @executable_path/Frameworks @loader_path/Frameworks";
				PRODUCT_BUNDLE_IDENTIFIER = io.khan.squashUITests;
				PRODUCT_NAME = "$(TARGET_NAME)";
				SWIFT_VERSION = 3.0;
				TEST_TARGET_NAME = squash;
			};
			name = Debug;
		};
		A3FAB9A21D964C9000C50249 /* Release */ = {
			isa = XCBuildConfiguration;
			buildSettings = {
				ALWAYS_EMBED_SWIFT_STANDARD_LIBRARIES = YES;
				DEVELOPMENT_TEAM = XKU4RQ3453;
				INFOPLIST_FILE = squashUITests/Info.plist;
				LD_RUNPATH_SEARCH_PATHS = "$(inherited) @executable_path/Frameworks @loader_path/Frameworks";
				PRODUCT_BUNDLE_IDENTIFIER = io.khan.squashUITests;
				PRODUCT_NAME = "$(TARGET_NAME)";
				SWIFT_VERSION = 3.0;
				TEST_TARGET_NAME = squash;
			};
			name = Release;
		};
/* End XCBuildConfiguration section */

/* Begin XCConfigurationList section */
		A3FAB9691D964C8F00C50249 /* Build configuration list for PBXProject "squash" */ = {
			isa = XCConfigurationList;
			buildConfigurations = (
				A3FAB9981D964C9000C50249 /* Debug */,
				A3FAB9991D964C9000C50249 /* Release */,
			);
			defaultConfigurationIsVisible = 0;
			defaultConfigurationName = Release;
		};
		A3FAB99A1D964C9000C50249 /* Build configuration list for PBXNativeTarget "squash" */ = {
			isa = XCConfigurationList;
			buildConfigurations = (
				A3FAB99B1D964C9000C50249 /* Debug */,
				A3FAB99C1D964C9000C50249 /* Release */,
			);
			defaultConfigurationIsVisible = 0;
		};
		A3FAB99D1D964C9000C50249 /* Build configuration list for PBXNativeTarget "squashTests" */ = {
			isa = XCConfigurationList;
			buildConfigurations = (
				A3FAB99E1D964C9000C50249 /* Debug */,
				A3FAB99F1D964C9000C50249 /* Release */,
			);
			defaultConfigurationIsVisible = 0;
		};
		A3FAB9A01D964C9000C50249 /* Build configuration list for PBXNativeTarget "squashUITests" */ = {
			isa = XCConfigurationList;
			buildConfigurations = (
				A3FAB9A11D964C9000C50249 /* Debug */,
				A3FAB9A21D964C9000C50249 /* Release */,
			);
			defaultConfigurationIsVisible = 0;
		};
/* End XCConfigurationList section */
	};
	rootObject = A3FAB9661D964C8F00C50249 /* Project object */;
}
